
Microsoft Visual Studio Solution File, Format Version 12.00
# Visual Studio 15
VisualStudioVersion = 15.0.28307.539
MinimumVisualStudioVersion = 10.0.40219.1
Project("{FAE04EC0-301F-11D3-BF4B-00C04F79EFBC}") = "HazelServer", "1 - SimpleServer\HazelServer.csproj", "{241FA644-6D21-4DDA-8325-82AD818E3BEC}"
EndProject
Project("{FAE04EC0-301F-11D3-BF4B-00C04F79EFBC}") = "UnityClient", "1 - UnityClient\UnityClient.csproj", "{0810E089-B8C7-4AD5-BA8D-28577D529B60}"
EndProject
Global
	GlobalSection(SolutionConfigurationPlatforms) = preSolution
		Debug|Any CPU = Debug|Any CPU
		Release|Any CPU = Release|Any CPU
	EndGlobalSection
	GlobalSection(ProjectConfigurationPlatforms) = postSolution
		{241FA644-6D21-4DDA-8325-82AD818E3BEC}.Debug|Any CPU.ActiveCfg = Debug|Any CPU
		{241FA644-6D21-4DDA-8325-82AD818E3BEC}.Debug|Any CPU.Build.0 = Debug|Any CPU
		{241FA644-6D21-4DDA-8325-82AD818E3BEC}.Release|Any CPU.ActiveCfg = Release|Any CPU
		{241FA644-6D21-4DDA-8325-82AD818E3BEC}.Release|Any CPU.Build.0 = Release|Any CPU
		{0810E089-B8C7-4AD5-BA8D-28577D529B60}.Debug|Any CPU.ActiveCfg = Debug|Any CPU
		{0810E089-B8C7-4AD5-BA8D-28577D529B60}.Debug|Any CPU.Build.0 = Debug|Any CPU
		{0810E089-B8C7-4AD5-BA8D-28577D529B60}.Release|Any CPU.ActiveCfg = Release|Any CPU
		{0810E089-B8C7-4AD5-BA8D-28577D529B60}.Release|Any CPU.Build.0 = Release|Any CPU
	EndGlobalSection
	GlobalSection(SolutionProperties) = preSolution
		HideSolutionNode = FALSE
	EndGlobalSection
	GlobalSection(ExtensibilityGlobals) = postSolution
		SolutionGuid = {1EA152D6-E20E-4494-BE65-D89C86349CB5}
	EndGlobalSection
EndGlobal
